// !$*UTF8*$!
{
	archiveVersion = 1;
	classes = {
	};
	objectVersion = 50;
	objects = {

/* Begin PBXBuildFile section */
		181BB7EA235983B200FAB8B5 /* AddFriend_ViewController.swift in Sources */ = {isa = PBXBuildFile; fileRef = 181BB7E9235983B200FAB8B5 /* AddFriend_ViewController.swift */; };
		181BB7EC235999DC00FAB8B5 /* Contacts_ViewController.swift in Sources */ = {isa = PBXBuildFile; fileRef = 181BB7EB235999DC00FAB8B5 /* Contacts_ViewController.swift */; };
		181BB7EE2359F00000FAB8B5 /* ContactsSelected._ViewController.swift in Sources */ = {isa = PBXBuildFile; fileRef = 181BB7ED2359F00000FAB8B5 /* ContactsSelected._ViewController.swift */; };
		181BB7F02359F01700FAB8B5 /* OfficialSelected_ViewController.swift in Sources */ = {isa = PBXBuildFile; fileRef = 181BB7EF2359F01700FAB8B5 /* OfficialSelected_ViewController.swift */; };
		181C28D3235C658800A21684 /* EditYourBio_ViewController.swift in Sources */ = {isa = PBXBuildFile; fileRef = 181C28D2235C658800A21684 /* EditYourBio_ViewController.swift */; };
		181D65B4235CD3DC00EC8D0C /* Groups_ViewController.swift in Sources */ = {isa = PBXBuildFile; fileRef = 181D65B3235CD3DB00EC8D0C /* Groups_ViewController.swift */; };
		182554CE23588C1D0045DDB5 /* AppDelegate.swift in Sources */ = {isa = PBXBuildFile; fileRef = 182554CD23588C1D0045DDB5 /* AppDelegate.swift */; };
		182554D023588C1D0045DDB5 /* SceneDelegate.swift in Sources */ = {isa = PBXBuildFile; fileRef = 182554CF23588C1D0045DDB5 /* SceneDelegate.swift */; };
		182554D223588C1D0045DDB5 /* ViewController.swift in Sources */ = {isa = PBXBuildFile; fileRef = 182554D123588C1D0045DDB5 /* ViewController.swift */; };
		182554D523588C1D0045DDB5 /* Main.storyboard in Resources */ = {isa = PBXBuildFile; fileRef = 182554D323588C1D0045DDB5 /* Main.storyboard */; };
		182554D723588C200045DDB5 /* Assets.xcassets in Resources */ = {isa = PBXBuildFile; fileRef = 182554D623588C200045DDB5 /* Assets.xcassets */; };
		182554DA23588C200045DDB5 /* LaunchScreen.storyboard in Resources */ = {isa = PBXBuildFile; fileRef = 182554D823588C200045DDB5 /* LaunchScreen.storyboard */; };
		182AC8032362B3DF003C5AA8 /* ContactsModel.swift in Sources */ = {isa = PBXBuildFile; fileRef = 182AC8022362B3DF003C5AA8 /* ContactsModel.swift */; };
		182B0CFA236DD82B00D19972 /* ContactTableViewCell.swift in Sources */ = {isa = PBXBuildFile; fileRef = 182B0CF9236DD82B00D19972 /* ContactTableViewCell.swift */; };
		E3AB6D072366988900DE8EC6 /* ContactViewController.swift in Sources */ = {isa = PBXBuildFile; fileRef = E3AB6D062366988900DE8EC6 /* ContactViewController.swift */; };
		E3AB6D09236698A200DE8EC6 /* NewContactModel.swift in Sources */ = {isa = PBXBuildFile; fileRef = E3AB6D08236698A200DE8EC6 /* NewContactModel.swift */; };
		E3AB6D0D236698CD00DE8EC6 /* ContactDataSource.swift in Sources */ = {isa = PBXBuildFile; fileRef = E3AB6D0C236698CD00DE8EC6 /* ContactDataSource.swift */; };
		E3AB6D0F236698D600DE8EC6 /* ContactManager.swift in Sources */ = {isa = PBXBuildFile; fileRef = E3AB6D0E236698D600DE8EC6 /* ContactManager.swift */; };
		E3AB6D112366B25F00DE8EC6 /* ContactViewModel.swift in Sources */ = {isa = PBXBuildFile; fileRef = E3AB6D102366B25F00DE8EC6 /* ContactViewModel.swift */; };
		E3AB6D142366B83700DE8EC6 /* AvatarService.swift in Sources */ = {isa = PBXBuildFile; fileRef = E3AB6D132366B83700DE8EC6 /* AvatarService.swift */; };
		E3AB6D162366BC4600DE8EC6 /* ColorsStore.swift in Sources */ = {isa = PBXBuildFile; fileRef = E3AB6D152366BC4600DE8EC6 /* ColorsStore.swift */; };
		E3AB6D182366C13A00DE8EC6 /* AvatarView.swift in Sources */ = {isa = PBXBuildFile; fileRef = E3AB6D172366C13A00DE8EC6 /* AvatarView.swift */; };
/* End PBXBuildFile section */

/* Begin PBXFileReference section */
		181BB7E9235983B200FAB8B5 /* AddFriend_ViewController.swift */ = {isa = PBXFileReference; lastKnownFileType = sourcecode.swift; path = AddFriend_ViewController.swift; sourceTree = "<group>"; };
		181BB7EB235999DC00FAB8B5 /* Contacts_ViewController.swift */ = {isa = PBXFileReference; lastKnownFileType = sourcecode.swift; path = Contacts_ViewController.swift; sourceTree = "<group>"; };
		181BB7ED2359F00000FAB8B5 /* ContactsSelected._ViewController.swift */ = {isa = PBXFileReference; lastKnownFileType = sourcecode.swift; path = ContactsSelected._ViewController.swift; sourceTree = "<group>"; };
		181BB7EF2359F01700FAB8B5 /* OfficialSelected_ViewController.swift */ = {isa = PBXFileReference; lastKnownFileType = sourcecode.swift; path = OfficialSelected_ViewController.swift; sourceTree = "<group>"; };
		181C28D2235C658800A21684 /* EditYourBio_ViewController.swift */ = {isa = PBXFileReference; lastKnownFileType = sourcecode.swift; path = EditYourBio_ViewController.swift; sourceTree = "<group>"; };
		181D65B3235CD3DB00EC8D0C /* Groups_ViewController.swift */ = {isa = PBXFileReference; lastKnownFileType = sourcecode.swift; path = Groups_ViewController.swift; sourceTree = "<group>"; };
		182554CA23588C1D0045DDB5 /* AutoLayout-Code.app */ = {isa = PBXFileReference; explicitFileType = wrapper.application; includeInIndex = 0; path = "AutoLayout-Code.app"; sourceTree = BUILT_PRODUCTS_DIR; };
		182554CD23588C1D0045DDB5 /* AppDelegate.swift */ = {isa = PBXFileReference; lastKnownFileType = sourcecode.swift; path = AppDelegate.swift; sourceTree = "<group>"; };
		182554CF23588C1D0045DDB5 /* SceneDelegate.swift */ = {isa = PBXFileReference; lastKnownFileType = sourcecode.swift; path = SceneDelegate.swift; sourceTree = "<group>"; };
		182554D123588C1D0045DDB5 /* ViewController.swift */ = {isa = PBXFileReference; lastKnownFileType = sourcecode.swift; path = ViewController.swift; sourceTree = "<group>"; };
		182554D423588C1D0045DDB5 /* Base */ = {isa = PBXFileReference; lastKnownFileType = file.storyboard; name = Base; path = Base.lproj/Main.storyboard; sourceTree = "<group>"; };
		182554D623588C200045DDB5 /* Assets.xcassets */ = {isa = PBXFileReference; lastKnownFileType = folder.assetcatalog; path = Assets.xcassets; sourceTree = "<group>"; };
		182554D923588C200045DDB5 /* Base */ = {isa = PBXFileReference; lastKnownFileType = file.storyboard; name = Base; path = Base.lproj/LaunchScreen.storyboard; sourceTree = "<group>"; };
		182554DB23588C200045DDB5 /* Info.plist */ = {isa = PBXFileReference; lastKnownFileType = text.plist.xml; path = Info.plist; sourceTree = "<group>"; };
		182AC8022362B3DF003C5AA8 /* ContactsModel.swift */ = {isa = PBXFileReference; lastKnownFileType = sourcecode.swift; path = ContactsModel.swift; sourceTree = "<group>"; };
		182B0CF9236DD82B00D19972 /* ContactTableViewCell.swift */ = {isa = PBXFileReference; lastKnownFileType = sourcecode.swift; path = ContactTableViewCell.swift; sourceTree = "<group>"; };
		E3AB6D062366988900DE8EC6 /* ContactViewController.swift */ = {isa = PBXFileReference; lastKnownFileType = sourcecode.swift; path = ContactViewController.swift; sourceTree = "<group>"; };
		E3AB6D08236698A200DE8EC6 /* NewContactModel.swift */ = {isa = PBXFileReference; lastKnownFileType = sourcecode.swift; path = NewContactModel.swift; sourceTree = "<group>"; };
		E3AB6D0C236698CD00DE8EC6 /* ContactDataSource.swift */ = {isa = PBXFileReference; lastKnownFileType = sourcecode.swift; path = ContactDataSource.swift; sourceTree = "<group>"; };
		E3AB6D0E236698D600DE8EC6 /* ContactManager.swift */ = {isa = PBXFileReference; lastKnownFileType = sourcecode.swift; path = ContactManager.swift; sourceTree = "<group>"; };
		E3AB6D102366B25F00DE8EC6 /* ContactViewModel.swift */ = {isa = PBXFileReference; lastKnownFileType = sourcecode.swift; path = ContactViewModel.swift; sourceTree = "<group>"; };
		E3AB6D132366B83700DE8EC6 /* AvatarService.swift */ = {isa = PBXFileReference; lastKnownFileType = sourcecode.swift; path = AvatarService.swift; sourceTree = "<group>"; };
		E3AB6D152366BC4600DE8EC6 /* ColorsStore.swift */ = {isa = PBXFileReference; lastKnownFileType = sourcecode.swift; path = ColorsStore.swift; sourceTree = "<group>"; };
		E3AB6D172366C13A00DE8EC6 /* AvatarView.swift */ = {isa = PBXFileReference; lastKnownFileType = sourcecode.swift; path = AvatarView.swift; sourceTree = "<group>"; };
/* End PBXFileReference section */

/* Begin PBXFrameworksBuildPhase section */
		182554C723588C1D0045DDB5 /* Frameworks */ = {
			isa = PBXFrameworksBuildPhase;
			buildActionMask = 2147483647;
			files = (
			);
			runOnlyForDeploymentPostprocessing = 0;
		};
/* End PBXFrameworksBuildPhase section */

/* Begin PBXGroup section */
		182554C123588C1D0045DDB5 = {
			isa = PBXGroup;
			children = (
				182554CC23588C1D0045DDB5 /* AutoLayout-Code */,
				182554CB23588C1D0045DDB5 /* Products */,
			);
			sourceTree = "<group>";
		};
		182554CB23588C1D0045DDB5 /* Products */ = {
			isa = PBXGroup;
			children = (
				182554CA23588C1D0045DDB5 /* AutoLayout-Code.app */,
			);
			name = Products;
			sourceTree = "<group>";
		};
		182554CC23588C1D0045DDB5 /* AutoLayout-Code */ = {
			isa = PBXGroup;
			children = (
				E3AB6D122366B82300DE8EC6 /* Service */,
				E3AB6D052366986100DE8EC6 /* DataManager */,
				E3AB6D042366985C00DE8EC6 /* DataSource */,
				E3AB6D032366985900DE8EC6 /* View */,
				E3AB6D022366985300DE8EC6 /* Model */,
				E3AB6D012366983D00DE8EC6 /* ViewController */,
				182554CD23588C1D0045DDB5 /* AppDelegate.swift */,
				182554CF23588C1D0045DDB5 /* SceneDelegate.swift */,
				182554D123588C1D0045DDB5 /* ViewController.swift */,
				182554D323588C1D0045DDB5 /* Main.storyboard */,
				182554D623588C200045DDB5 /* Assets.xcassets */,
				182554D823588C200045DDB5 /* LaunchScreen.storyboard */,
				182554DB23588C200045DDB5 /* Info.plist */,
				181BB7E9235983B200FAB8B5 /* AddFriend_ViewController.swift */,
				181BB7EB235999DC00FAB8B5 /* Contacts_ViewController.swift */,
				181BB7ED2359F00000FAB8B5 /* ContactsSelected._ViewController.swift */,
				181BB7EF2359F01700FAB8B5 /* OfficialSelected_ViewController.swift */,
				181C28D2235C658800A21684 /* EditYourBio_ViewController.swift */,
				181D65B3235CD3DB00EC8D0C /* Groups_ViewController.swift */,
				182AC8022362B3DF003C5AA8 /* ContactsModel.swift */,
			);
			path = "AutoLayout-Code";
			sourceTree = "<group>";
		};
		E3AB6D012366983D00DE8EC6 /* ViewController */ = {
			isa = PBXGroup;
			children = (
				E3AB6D062366988900DE8EC6 /* ContactViewController.swift */,
			);
			path = ViewController;
			sourceTree = "<group>";
		};
		E3AB6D022366985300DE8EC6 /* Model */ = {
			isa = PBXGroup;
			children = (
				E3AB6D08236698A200DE8EC6 /* NewContactModel.swift */,
			);
			path = Model;
			sourceTree = "<group>";
		};
		E3AB6D032366985900DE8EC6 /* View */ = {
			isa = PBXGroup;
			children = (
				182B0CF9236DD82B00D19972 /* ContactTableViewCell.swift */,
				E3AB6D102366B25F00DE8EC6 /* ContactViewModel.swift */,
				E3AB6D172366C13A00DE8EC6 /* AvatarView.swift */,
			);
			path = View;
			sourceTree = "<group>";
		};
		E3AB6D042366985C00DE8EC6 /* DataSource */ = {
			isa = PBXGroup;
			children = (
				E3AB6D0C236698CD00DE8EC6 /* ContactDataSource.swift */,
			);
			path = DataSource;
			sourceTree = "<group>";
		};
		E3AB6D052366986100DE8EC6 /* DataManager */ = {
			isa = PBXGroup;
			children = (
				E3AB6D0E236698D600DE8EC6 /* ContactManager.swift */,
			);
			path = DataManager;
			sourceTree = "<group>";
		};
		E3AB6D122366B82300DE8EC6 /* Service */ = {
			isa = PBXGroup;
			children = (
				E3AB6D132366B83700DE8EC6 /* AvatarService.swift */,
				E3AB6D152366BC4600DE8EC6 /* ColorsStore.swift */,
			);
			path = Service;
			sourceTree = "<group>";
		};
/* End PBXGroup section */

/* Begin PBXNativeTarget section */
		182554C923588C1D0045DDB5 /* AutoLayout-Code */ = {
			isa = PBXNativeTarget;
			buildConfigurationList = 182554DE23588C200045DDB5 /* Build configuration list for PBXNativeTarget "AutoLayout-Code" */;
			buildPhases = (
				182554C623588C1D0045DDB5 /* Sources */,
				182554C723588C1D0045DDB5 /* Frameworks */,
				182554C823588C1D0045DDB5 /* Resources */,
			);
			buildRules = (
			);
			dependencies = (
			);
			name = "AutoLayout-Code";
			productName = "AutoLayout-Code";
			productReference = 182554CA23588C1D0045DDB5 /* AutoLayout-Code.app */;
			productType = "com.apple.product-type.application";
		};
/* End PBXNativeTarget section */

/* Begin PBXProject section */
		182554C223588C1D0045DDB5 /* Project object */ = {
			isa = PBXProject;
			attributes = {
				LastSwiftUpdateCheck = 1100;
				LastUpgradeCheck = 1100;
				ORGANIZATIONNAME = Apple;
				TargetAttributes = {
					182554C923588C1D0045DDB5 = {
						CreatedOnToolsVersion = 11.0;
					};
				};
			};
			buildConfigurationList = 182554C523588C1D0045DDB5 /* Build configuration list for PBXProject "AutoLayout-Code" */;
			compatibilityVersion = "Xcode 9.3";
			developmentRegion = en;
			hasScannedForEncodings = 0;
			knownRegions = (
				en,
				Base,
			);
			mainGroup = 182554C123588C1D0045DDB5;
			productRefGroup = 182554CB23588C1D0045DDB5 /* Products */;
			projectDirPath = "";
			projectRoot = "";
			targets = (
				182554C923588C1D0045DDB5 /* AutoLayout-Code */,
			);
		};
/* End PBXProject section */

/* Begin PBXResourcesBuildPhase section */
		182554C823588C1D0045DDB5 /* Resources */ = {
			isa = PBXResourcesBuildPhase;
			buildActionMask = 2147483647;
			files = (
				182554DA23588C200045DDB5 /* LaunchScreen.storyboard in Resources */,
				182554D723588C200045DDB5 /* Assets.xcassets in Resources */,
				182554D523588C1D0045DDB5 /* Main.storyboard in Resources */,
			);
			runOnlyForDeploymentPostprocessing = 0;
		};
/* End PBXResourcesBuildPhase section */

/* Begin PBXSourcesBuildPhase section */
		182554C623588C1D0045DDB5 /* Sources */ = {
			isa = PBXSourcesBuildPhase;
			buildActionMask = 2147483647;
			files = (
				E3AB6D142366B83700DE8EC6 /* AvatarService.swift in Sources */,
				181D65B4235CD3DC00EC8D0C /* Groups_ViewController.swift in Sources */,
				181C28D3235C658800A21684 /* EditYourBio_ViewController.swift in Sources */,
				181BB7EA235983B200FAB8B5 /* AddFriend_ViewController.swift in Sources */,
				182554D223588C1D0045DDB5 /* ViewController.swift in Sources */,
				182B0CFA236DD82B00D19972 /* ContactTableViewCell.swift in Sources */,
				E3AB6D112366B25F00DE8EC6 /* ContactViewModel.swift in Sources */,
				182554CE23588C1D0045DDB5 /* AppDelegate.swift in Sources */,
				E3AB6D0F236698D600DE8EC6 /* ContactManager.swift in Sources */,
				E3AB6D09236698A200DE8EC6 /* NewContactModel.swift in Sources */,
				E3AB6D072366988900DE8EC6 /* ContactViewController.swift in Sources */,
				182554D023588C1D0045DDB5 /* SceneDelegate.swift in Sources */,
				E3AB6D162366BC4600DE8EC6 /* ColorsStore.swift in Sources */,
				E3AB6D182366C13A00DE8EC6 /* AvatarView.swift in Sources */,
				181BB7EE2359F00000FAB8B5 /* ContactsSelected._ViewController.swift in Sources */,
				181BB7F02359F01700FAB8B5 /* OfficialSelected_ViewController.swift in Sources */,
				181BB7EC235999DC00FAB8B5 /* Contacts_ViewController.swift in Sources */,
				182AC8032362B3DF003C5AA8 /* ContactsModel.swift in Sources */,
				E3AB6D0D236698CD00DE8EC6 /* ContactDataSource.swift in Sources */,
			);
			runOnlyForDeploymentPostprocessing = 0;
		};
/* End PBXSourcesBuildPhase section */

/* Begin PBXVariantGroup section */
		182554D323588C1D0045DDB5 /* Main.storyboard */ = {
			isa = PBXVariantGroup;
			children = (
				182554D423588C1D0045DDB5 /* Base */,
			);
			name = Main.storyboard;
			sourceTree = "<group>";
		};
		182554D823588C200045DDB5 /* LaunchScreen.storyboard */ = {
			isa = PBXVariantGroup;
			children = (
				182554D923588C200045DDB5 /* Base */,
			);
			name = LaunchScreen.storyboard;
			sourceTree = "<group>";
		};
/* End PBXVariantGroup section */

/* Begin XCBuildConfiguration section */
		182554DC23588C200045DDB5 /* Debug */ = {
			isa = XCBuildConfiguration;
			buildSettings = {
				ALWAYS_SEARCH_USER_PATHS = NO;
				CLANG_ANALYZER_NONNULL = YES;
				CLANG_ANALYZER_NUMBER_OBJECT_CONVERSION = YES_AGGRESSIVE;
				CLANG_CXX_LANGUAGE_STANDARD = "gnu++14";
				CLANG_CXX_LIBRARY = "libc++";
				CLANG_ENABLE_MODULES = YES;
				CLANG_ENABLE_OBJC_ARC = YES;
				CLANG_ENABLE_OBJC_WEAK = YES;
				CLANG_WARN_BLOCK_CAPTURE_AUTORELEASING = YES;
				CLANG_WARN_BOOL_CONVERSION = YES;
				CLANG_WARN_COMMA = YES;
				CLANG_WARN_CONSTANT_CONVERSION = YES;
				CLANG_WARN_DEPRECATED_OBJC_IMPLEMENTATIONS = YES;
				CLANG_WARN_DIRECT_OBJC_ISA_USAGE = YES_ERROR;
				CLANG_WARN_DOCUMENTATION_COMMENTS = YES;
				CLANG_WARN_EMPTY_BODY = YES;
				CLANG_WARN_ENUM_CONVERSION = YES;
				CLANG_WARN_INFINITE_RECURSION = YES;
				CLANG_WARN_INT_CONVERSION = YES;
				CLANG_WARN_NON_LITERAL_NULL_CONVERSION = YES;
				CLANG_WARN_OBJC_IMPLICIT_RETAIN_SELF = YES;
				CLANG_WARN_OBJC_LITERAL_CONVERSION = YES;
				CLANG_WARN_OBJC_ROOT_CLASS = YES_ERROR;
				CLANG_WARN_RANGE_LOOP_ANALYSIS = YES;
				CLANG_WARN_STRICT_PROTOTYPES = YES;
				CLANG_WARN_SUSPICIOUS_MOVE = YES;
				CLANG_WARN_UNGUARDED_AVAILABILITY = YES_AGGRESSIVE;
				CLANG_WARN_UNREACHABLE_CODE = YES;
				CLANG_WARN__DUPLICATE_METHOD_MATCH = YES;
				COPY_PHASE_STRIP = NO;
				DEBUG_INFORMATION_FORMAT = dwarf;
				ENABLE_STRICT_OBJC_MSGSEND = YES;
				ENABLE_TESTABILITY = YES;
				GCC_C_LANGUAGE_STANDARD = gnu11;
				GCC_DYNAMIC_NO_PIC = NO;
				GCC_NO_COMMON_BLOCKS = YES;
				GCC_OPTIMIZATION_LEVEL = 0;
				GCC_PREPROCESSOR_DEFINITIONS = (
					"DEBUG=1",
					"$(inherited)",
				);
				GCC_WARN_64_TO_32_BIT_CONVERSION = YES;
				GCC_WARN_ABOUT_RETURN_TYPE = YES_ERROR;
				GCC_WARN_UNDECLARED_SELECTOR = YES;
				GCC_WARN_UNINITIALIZED_AUTOS = YES_AGGRESSIVE;
				GCC_WARN_UNUSED_FUNCTION = YES;
				GCC_WARN_UNUSED_VARIABLE = YES;
				IPHONEOS_DEPLOYMENT_TARGET = 13.0;
				MTL_ENABLE_DEBUG_INFO = INCLUDE_SOURCE;
				MTL_FAST_MATH = YES;
				ONLY_ACTIVE_ARCH = YES;
				SDKROOT = iphoneos;
				SWIFT_ACTIVE_COMPILATION_CONDITIONS = DEBUG;
				SWIFT_OPTIMIZATION_LEVEL = "-Onone";
			};
			name = Debug;
		};
		182554DD23588C200045DDB5 /* Release */ = {
			isa = XCBuildConfiguration;
			buildSettings = {
				ALWAYS_SEARCH_USER_PATHS = NO;
				CLANG_ANALYZER_NONNULL = YES;
				CLANG_ANALYZER_NUMBER_OBJECT_CONVERSION = YES_AGGRESSIVE;
				CLANG_CXX_LANGUAGE_STANDARD = "gnu++14";
				CLANG_CXX_LIBRARY = "libc++";
				CLANG_ENABLE_MODULES = YES;
				CLANG_ENABLE_OBJC_ARC = YES;
				CLANG_ENABLE_OBJC_WEAK = YES;
				CLANG_WARN_BLOCK_CAPTURE_AUTORELEASING = YES;
				CLANG_WARN_BOOL_CONVERSION = YES;
				CLANG_WARN_COMMA = YES;
				CLANG_WARN_CONSTANT_CONVERSION = YES;
				CLANG_WARN_DEPRECATED_OBJC_IMPLEMENTATIONS = YES;
				CLANG_WARN_DIRECT_OBJC_ISA_USAGE = YES_ERROR;
				CLANG_WARN_DOCUMENTATION_COMMENTS = YES;
				CLANG_WARN_EMPTY_BODY = YES;
				CLANG_WARN_ENUM_CONVERSION = YES;
				CLANG_WARN_INFINITE_RECURSION = YES;
				CLANG_WARN_INT_CONVERSION = YES;
				CLANG_WARN_NON_LITERAL_NULL_CONVERSION = YES;
				CLANG_WARN_OBJC_IMPLICIT_RETAIN_SELF = YES;
				CLANG_WARN_OBJC_LITERAL_CONVERSION = YES;
				CLANG_WARN_OBJC_ROOT_CLASS = YES_ERROR;
				CLANG_WARN_RANGE_LOOP_ANALYSIS = YES;
				CLANG_WARN_STRICT_PROTOTYPES = YES;
				CLANG_WARN_SUSPICIOUS_MOVE = YES;
				CLANG_WARN_UNGUARDED_AVAILABILITY = YES_AGGRESSIVE;
				CLANG_WARN_UNREACHABLE_CODE = YES;
				CLANG_WARN__DUPLICATE_METHOD_MATCH = YES;
				COPY_PHASE_STRIP = NO;
				DEBUG_INFORMATION_FORMAT = "dwarf-with-dsym";
				ENABLE_NS_ASSERTIONS = NO;
				ENABLE_STRICT_OBJC_MSGSEND = YES;
				GCC_C_LANGUAGE_STANDARD = gnu11;
				GCC_NO_COMMON_BLOCKS = YES;
				GCC_WARN_64_TO_32_BIT_CONVERSION = YES;
				GCC_WARN_ABOUT_RETURN_TYPE = YES_ERROR;
				GCC_WARN_UNDECLARED_SELECTOR = YES;
				GCC_WARN_UNINITIALIZED_AUTOS = YES_AGGRESSIVE;
				GCC_WARN_UNUSED_FUNCTION = YES;
				GCC_WARN_UNUSED_VARIABLE = YES;
				IPHONEOS_DEPLOYMENT_TARGET = 13.0;
				MTL_ENABLE_DEBUG_INFO = NO;
				MTL_FAST_MATH = YES;
				SDKROOT = iphoneos;
				SWIFT_COMPILATION_MODE = wholemodule;
				SWIFT_OPTIMIZATION_LEVEL = "-O";
				VALIDATE_PRODUCT = YES;
			};
			name = Release;
		};
		182554DF23588C200045DDB5 /* Debug */ = {
			isa = XCBuildConfiguration;
			buildSettings = {
				ASSETCATALOG_COMPILER_APPICON_NAME = AppIcon;
				CODE_SIGN_STYLE = Automatic;
				DEVELOPMENT_TEAM = L5US95BXQW;
				INFOPLIST_FILE = "AutoLayout-Code/Info.plist";
				LD_RUNPATH_SEARCH_PATHS = (
					"$(inherited)",
					"@executable_path/Frameworks",
				);
				PRODUCT_BUNDLE_IDENTIFIER = "com.tutranit96.AutoLayout-Code";
				PRODUCT_NAME = "$(TARGET_NAME)";
				SWIFT_VERSION = 5.0;
				TARGETED_DEVICE_FAMILY = "1,2";
			};
			name = Debug;
		};
		182554E023588C200045DDB5 /* Release */ = {
			isa = XCBuildConfiguration;
			buildSettings = {
				ASSETCATALOG_COMPILER_APPICON_NAME = AppIcon;
				CODE_SIGN_STYLE = Automatic;
				DEVELOPMENT_TEAM = L5US95BXQW;
				INFOPLIST_FILE = "AutoLayout-Code/Info.plist";
				LD_RUNPATH_SEARCH_PATHS = (
					"$(inherited)",
					"@executable_path/Frameworks",
				);
				PRODUCT_BUNDLE_IDENTIFIER = "com.tutranit96.AutoLayout-Code";
				PRODUCT_NAME = "$(TARGET_NAME)";
				SWIFT_VERSION = 5.0;
				TARGETED_DEVICE_FAMILY = "1,2";
			};
			name = Release;
		};
/* End XCBuildConfiguration section */

/* Begin XCConfigurationList section */
		182554C523588C1D0045DDB5 /* Build configuration list for PBXProject "AutoLayout-Code" */ = {
			isa = XCConfigurationList;
			buildConfigurations = (
				182554DC23588C200045DDB5 /* Debug */,
				182554DD23588C200045DDB5 /* Release */,
			);
			defaultConfigurationIsVisible = 0;
			defaultConfigurationName = Release;
		};
		182554DE23588C200045DDB5 /* Build configuration list for PBXNativeTarget "AutoLayout-Code" */ = {
			isa = XCConfigurationList;
			buildConfigurations = (
				182554DF23588C200045DDB5 /* Debug */,
				182554E023588C200045DDB5 /* Release */,
			);
			defaultConfigurationIsVisible = 0;
			defaultConfigurationName = Release;
		};
/* End XCConfigurationList section */
	};
	rootObject = 182554C223588C1D0045DDB5 /* Project object */;
}
